{
    "_readme": [
        "This file locks the dependencies of your project to a known state",
        "Read more about it at https://getcomposer.org/doc/01-basic-usage.md#composer-lock-the-lock-file",
        "This file is @generated automatically"
    ],
    "content-hash": "ae56ab607e44ebd382a3b21398af482a",
    "packages": [
        {
            "name": "bestnetwork/telnet",
            "version": "1.0.1",
            "source": {
                "type": "git",
                "url": "https://github.com/bestnetwork/Telnet.git",
                "reference": "9323add29b8fa88bf5624f7d237b0b379b0a665d"
            },
            "dist": {
                "type": "zip",
                "url": "https://api.github.com/repos/bestnetwork/Telnet/zipball/9323add29b8fa88bf5624f7d237b0b379b0a665d",
                "reference": "9323add29b8fa88bf5624f7d237b0b379b0a665d",
                "shasum": ""
            },
            "require": {
                "php": ">=5.3.0"
            },
            "type": "library",
            "extra": {
                "branch-alias": {
                    "dev-master": "1.0-dev"
                }
            },
            "autoload": {
                "psr-0": {
                    "Bestnetwork\\Telnet\\": ""
                }
            },
            "notification-url": "https://packagist.org/downloads/",
            "license": [
                "MIT"
            ],
            "authors": [
                {
                    "name": "Dalibor Andzakovic",
                    "email": "dali@swerve.co.nz"
                },
                {
                    "name": "Marc Ennaji"
                },
                {
                    "name": "Matthias Blaser",
                    "email": "mb@adfinis.ch"
                },
                {
                    "name": "Christian Hammers",
                    "email": "chammers@netcologne.de"
                },
                {
                    "name": "Bestnetwork",
                    "email": "reparto.sviluppo@bestnetwork.it"
                }
            ],
            "description": "Telnet client in php",
            "keywords": [
                "client",
                "telnet"
            ],
            "time": "2015-08-07T22:26:01+00:00"
        },
        {
            "name": "larapack/dd",
            "version": "1.1",
            "source": {
                "type": "git",
                "url": "https://github.com/larapack/dd.git",
                "reference": "561b5111a13d0094b59b5c81b1572489485fb948"
            },
            "dist": {
                "type": "zip",
                "url": "https://api.github.com/repos/larapack/dd/zipball/561b5111a13d0094b59b5c81b1572489485fb948",
                "reference": "561b5111a13d0094b59b5c81b1572489485fb948",
                "shasum": ""
            },
            "require": {
                "symfony/var-dumper": "*"
            },
            "type": "package",
            "autoload": {
                "files": [
                    "src/helper.php"
                ]
            },
            "notification-url": "https://packagist.org/downloads/",
            "license": [
                "MIT"
            ],
            "authors": [
                {
                    "name": "Mark Topper",
                    "email": "hi@webman.io"
                }
            ],
            "description": "`dd` is a helper method in Laravel. This package will add the `dd` to your application.",
            "time": "2016-12-15T09:34:34+00:00"
        },
        {
            "name": "symfony/polyfill-mbstring",
            "version": "v1.7.0",
            "source": {
                "type": "git",
                "url": "https://github.com/symfony/polyfill-mbstring.git",
                "reference": "78be803ce01e55d3491c1397cf1c64beb9c1b63b"
            },
            "dist": {
                "type": "zip",
                "url": "https://api.github.com/repos/symfony/polyfill-mbstring/zipball/78be803ce01e55d3491c1397cf1c64beb9c1b63b",
                "reference": "78be803ce01e55d3491c1397cf1c64beb9c1b63b",
                "shasum": ""
            },
            "require": {
                "php": ">=5.3.3"
            },
            "suggest": {
                "ext-mbstring": "For best performance"
            },
            "type": "library",
            "extra": {
                "branch-alias": {
                    "dev-master": "1.7-dev"
                }
            },
            "autoload": {
                "psr-4": {
                    "Symfony\\Polyfill\\Mbstring\\": ""
                },
                "files": [
                    "bootstrap.php"
                ]
            },
            "notification-url": "https://packagist.org/downloads/",
            "license": [
                "MIT"
            ],
            "authors": [
                {
                    "name": "Nicolas Grekas",
                    "email": "p@tchwork.com"
                },
                {
                    "name": "Symfony Community",
                    "homepage": "https://symfony.com/contributors"
                }
            ],
            "description": "Symfony polyfill for the Mbstring extension",
            "homepage": "https://symfony.com",
            "keywords": [
                "compatibility",
                "mbstring",
                "polyfill",
                "portable",
                "shim"
            ],
            "time": "2018-01-30T19:27:44+00:00"
        },
        {
            "name": "symfony/var-dumper",
            "version": "v3.4.6",
            "source": {
                "type": "git",
                "url": "https://github.com/symfony/var-dumper.git",
                "reference": "80964679d81da3d5618519e0e4be488c3d7ecd7d"
            },
            "dist": {
                "type": "zip",
                "url": "https://api.github.com/repos/symfony/var-dumper/zipball/80964679d81da3d5618519e0e4be488c3d7ecd7d",
                "reference": "80964679d81da3d5618519e0e4be488c3d7ecd7d",
                "shasum": ""
            },
            "require": {
                "php": "^5.5.9|>=7.0.8",
                "symfony/polyfill-mbstring": "~1.0"
            },
            "conflict": {
                "phpunit/phpunit": "<4.8.35|<5.4.3,>=5.0"
            },
            "require-dev": {
                "ext-iconv": "*",
                "twig/twig": "~1.34|~2.4"
            },
            "suggest": {
                "ext-iconv": "To convert non-UTF-8 strings to UTF-8 (or symfony/polyfill-iconv in case ext-iconv cannot be used).",
                "ext-intl": "To show region name in time zone dump",
                "ext-symfony_debug": ""
            },
            "type": "library",
            "extra": {
                "branch-alias": {
                    "dev-master": "3.4-dev"
                }
            },
            "autoload": {
                "files": [
                    "Resources/functions/dump.php"
                ],
                "psr-4": {
                    "Symfony\\Component\\VarDumper\\": ""
                },
                "exclude-from-classmap": [
                    "/Tests/"
                ]
            },
            "notification-url": "https://packagist.org/downloads/",
            "license": [
                "MIT"
            ],
            "authors": [
                {
                    "name": "Nicolas Grekas",
                    "email": "p@tchwork.com"
                },
                {
                    "name": "Symfony Community",
                    "homepage": "https://symfony.com/contributors"
                }
            ],
            "description": "Symfony mechanism for exploring and dumping PHP variables",
            "homepage": "https://symfony.com",
            "keywords": [
                "debug",
                "dump"
            ],
            "time": "2018-02-22T17:29:24+00:00"
        }
    ],
    "packages-dev": [],
    "aliases": [],
    "minimum-stability": "stable",
    "stability-flags": [],
    "prefer-stable": false,
    "prefer-lowest": false,
    "platform": [],
    "platform-dev": []
}
